// !$*UTF8*$!
{
	archiveVersion = 1;
	classes = {
	};
	objectVersion = 46;
	objects = {

/* Begin PBXBuildFile section */
		0B1B22D71C836F0600787FAC /* ScrollingTriggerBehavior.swift in Sources */ = {isa = PBXBuildFile; fileRef = 0B1B22D61C836F0600787FAC /* ScrollingTriggerBehavior.swift */; };
		0B1B22D81C836F0600787FAC /* ScrollingTriggerBehavior.swift in Sources */ = {isa = PBXBuildFile; fileRef = 0B1B22D61C836F0600787FAC /* ScrollingTriggerBehavior.swift */; };
		0B1B22DA1C8373C800787FAC /* KeyboardTriggerBehavior.swift in Sources */ = {isa = PBXBuildFile; fileRef = 0B1B22D91C8373C800787FAC /* KeyboardTriggerBehavior.swift */; };
		0B1B22DB1C8373C800787FAC /* KeyboardTriggerBehavior.swift in Sources */ = {isa = PBXBuildFile; fileRef = 0B1B22D91C8373C800787FAC /* KeyboardTriggerBehavior.swift */; };
		0B1B22DC1C83766200787FAC /* KeyboardTriggerBehavior.swift in Sources */ = {isa = PBXBuildFile; fileRef = 0B1B22D91C8373C800787FAC /* KeyboardTriggerBehavior.swift */; };
		0B1B22DD1C83766600787FAC /* ScrollingTriggerBehavior.swift in Sources */ = {isa = PBXBuildFile; fileRef = 0B1B22D61C836F0600787FAC /* ScrollingTriggerBehavior.swift */; };
		0B1B22DE1C83767000787FAC /* NavigationHideScrollBehavior.swift in Sources */ = {isa = PBXBuildFile; fileRef = 0BD79C1D1C6A54CC002B9B1B /* NavigationHideScrollBehavior.swift */; };
		0B1B22DF1C83767000787FAC /* NavigationHideScrollBehavior.swift in Sources */ = {isa = PBXBuildFile; fileRef = 0BD79C1D1C6A54CC002B9B1B /* NavigationHideScrollBehavior.swift */; };
		0B8706D91AD6FB38007774D1 /* Behaviors.h in Headers */ = {isa = PBXBuildFile; fileRef = 0B8706D81AD6FB38007774D1 /* Behaviors.h */; settings = {ATTRIBUTES = (Public, ); }; };
		0B8706DF1AD6FB38007774D1 /* Behaviors.framework in Frameworks */ = {isa = PBXBuildFile; fileRef = 0B8706D31AD6FB38007774D1 /* Behaviors.framework */; };
		0B8706F61AD6FBD8007774D1 /* Behavior.swift in Sources */ = {isa = PBXBuildFile; fileRef = 0B8706F51AD6FBD8007774D1 /* Behavior.swift */; };
		0B8706F71AD6FBD8007774D1 /* Behavior.swift in Sources */ = {isa = PBXBuildFile; fileRef = 0B8706F51AD6FBD8007774D1 /* Behavior.swift */; };
		0BABF2DA1C6606B0001B0E84 /* TextFieldResponderBehavior.swift in Sources */ = {isa = PBXBuildFile; fileRef = 0BABF2D81C6606B0001B0E84 /* TextFieldResponderBehavior.swift */; };
		0BABF2DB1C6606B0001B0E84 /* TextFieldResponderBehavior.swift in Sources */ = {isa = PBXBuildFile; fileRef = 0BABF2D81C6606B0001B0E84 /* TextFieldResponderBehavior.swift */; };
		0BABF2DC1C6606B0001B0E84 /* TextFieldResponderBehavior.swift in Sources */ = {isa = PBXBuildFile; fileRef = 0BABF2D81C6606B0001B0E84 /* TextFieldResponderBehavior.swift */; };
		0BABF2DD1C6606B0001B0E84 /* ViewPositionKeyboardBehavior.swift in Sources */ = {isa = PBXBuildFile; fileRef = 0BABF2D91C6606B0001B0E84 /* ViewPositionKeyboardBehavior.swift */; };
		0BABF2DE1C6606B0001B0E84 /* ViewPositionKeyboardBehavior.swift in Sources */ = {isa = PBXBuildFile; fileRef = 0BABF2D91C6606B0001B0E84 /* ViewPositionKeyboardBehavior.swift */; };
		0BABF2DF1C6606B0001B0E84 /* ViewPositionKeyboardBehavior.swift in Sources */ = {isa = PBXBuildFile; fileRef = 0BABF2D91C6606B0001B0E84 /* ViewPositionKeyboardBehavior.swift */; };
		0BAEB45B1AFE0C2C00878322 /* AppDelegate.swift in Sources */ = {isa = PBXBuildFile; fileRef = 0BAEB45A1AFE0C2C00878322 /* AppDelegate.swift */; };
		0BAEB4621AFE0C2C00878322 /* Main.storyboard in Resources */ = {isa = PBXBuildFile; fileRef = 0BAEB4601AFE0C2C00878322 /* Main.storyboard */; };
		0BAEB4641AFE0C2C00878322 /* Images.xcassets in Resources */ = {isa = PBXBuildFile; fileRef = 0BAEB4631AFE0C2C00878322 /* Images.xcassets */; };
		0BAEB4671AFE0C2C00878322 /* LaunchScreen.xib in Resources */ = {isa = PBXBuildFile; fileRef = 0BAEB4651AFE0C2C00878322 /* LaunchScreen.xib */; };
		0BAEB47C1AFE0CF000878322 /* Behaviors.framework in Frameworks */ = {isa = PBXBuildFile; fileRef = 0B8706D31AD6FB38007774D1 /* Behaviors.framework */; };
		0BAEB47D1AFE131D00878322 /* Behavior.swift in Sources */ = {isa = PBXBuildFile; fileRef = 0B8706F51AD6FBD8007774D1 /* Behavior.swift */; };
		0BAEB47E1AFE131D00878322 /* TextFieldScrollBehavior.swift in Sources */ = {isa = PBXBuildFile; fileRef = 0BF21E051AF8D26A00E3DF4F /* TextFieldScrollBehavior.swift */; };
		0BD79C1E1C6A54CC002B9B1B /* NavigationHideScrollBehavior.swift in Sources */ = {isa = PBXBuildFile; fileRef = 0BD79C1D1C6A54CC002B9B1B /* NavigationHideScrollBehavior.swift */; };
		0BF21E061AF8D26A00E3DF4F /* TextFieldScrollBehavior.swift in Sources */ = {isa = PBXBuildFile; fileRef = 0BF21E051AF8D26A00E3DF4F /* TextFieldScrollBehavior.swift */; };
		0BF21E071AF8D26A00E3DF4F /* TextFieldScrollBehavior.swift in Sources */ = {isa = PBXBuildFile; fileRef = 0BF21E051AF8D26A00E3DF4F /* TextFieldScrollBehavior.swift */; };
		0BF21E0B1AF8D28D00E3DF4F /* BehaviorsTests.swift in Sources */ = {isa = PBXBuildFile; fileRef = 0BF21E091AF8D28D00E3DF4F /* BehaviorsTests.swift */; };
		0BF21E0D1AF8D2A900E3DF4F /* TextFieldScrollBehaviorTest.swift in Sources */ = {isa = PBXBuildFile; fileRef = 0BF21E0C1AF8D2A900E3DF4F /* TextFieldScrollBehaviorTest.swift */; };
		7826DF181CD38E7100B3CDA0 /* TextFieldValidatorBehavior.swift in Sources */ = {isa = PBXBuildFile; fileRef = 7826DF171CD38E7100B3CDA0 /* TextFieldValidatorBehavior.swift */; };
		7826DF191CD38E7100B3CDA0 /* TextFieldValidatorBehavior.swift in Sources */ = {isa = PBXBuildFile; fileRef = 7826DF171CD38E7100B3CDA0 /* TextFieldValidatorBehavior.swift */; };
		7826DF1D1CD3933C00B3CDA0 /* KeyboardTriggerBehaviorTest.swift in Sources */ = {isa = PBXBuildFile; fileRef = 7826DF1B1CD3933C00B3CDA0 /* KeyboardTriggerBehaviorTest.swift */; };
		7826DF1F1CD394D500B3CDA0 /* MockNotificationCenter.swift in Sources */ = {isa = PBXBuildFile; fileRef = 7826DF1E1CD394D500B3CDA0 /* MockNotificationCenter.swift */; };
		7826DF201CD394D500B3CDA0 /* MockNotificationCenter.swift in Sources */ = {isa = PBXBuildFile; fileRef = 7826DF1E1CD394D500B3CDA0 /* MockNotificationCenter.swift */; };
		7826DF231CD39A5000B3CDA0 /* XCTestExtensions.swift in Sources */ = {isa = PBXBuildFile; fileRef = 7826DF211CD39A5000B3CDA0 /* XCTestExtensions.swift */; };
/* End PBXBuildFile section */

/* Begin PBXContainerItemProxy section */
		0B8706E01AD6FB38007774D1 /* PBXContainerItemProxy */ = {
			isa = PBXContainerItemProxy;
			containerPortal = 0B8706CA1AD6FB38007774D1 /* Project object */;
			proxyType = 1;
			remoteGlobalIDString = 0B8706D21AD6FB38007774D1;
			remoteInfo = Behaviors;
		};
		0BAEB47A1AFE0CE500878322 /* PBXContainerItemProxy */ = {
			isa = PBXContainerItemProxy;
			containerPortal = 0B8706CA1AD6FB38007774D1 /* Project object */;
			proxyType = 1;
			remoteGlobalIDString = 0B8706D21AD6FB38007774D1;
			remoteInfo = Behaviors;
		};
/* End PBXContainerItemProxy section */

/* Begin PBXFileReference section */
		0B1B22D61C836F0600787FAC /* ScrollingTriggerBehavior.swift */ = {isa = PBXFileReference; fileEncoding = 4; lastKnownFileType = sourcecode.swift; path = ScrollingTriggerBehavior.swift; sourceTree = "<group>"; };
		0B1B22D91C8373C800787FAC /* KeyboardTriggerBehavior.swift */ = {isa = PBXFileReference; fileEncoding = 4; lastKnownFileType = sourcecode.swift; path = KeyboardTriggerBehavior.swift; sourceTree = "<group>"; };
		0B8706D31AD6FB38007774D1 /* Behaviors.framework */ = {isa = PBXFileReference; explicitFileType = wrapper.framework; includeInIndex = 0; path = Behaviors.framework; sourceTree = BUILT_PRODUCTS_DIR; };
		0B8706D71AD6FB38007774D1 /* Info.plist */ = {isa = PBXFileReference; lastKnownFileType = text.plist.xml; path = Info.plist; sourceTree = "<group>"; };
		0B8706D81AD6FB38007774D1 /* Behaviors.h */ = {isa = PBXFileReference; lastKnownFileType = sourcecode.c.h; path = Behaviors.h; sourceTree = "<group>"; };
		0B8706DE1AD6FB38007774D1 /* BehaviorsTests.xctest */ = {isa = PBXFileReference; explicitFileType = wrapper.cfbundle; includeInIndex = 0; path = BehaviorsTests.xctest; sourceTree = BUILT_PRODUCTS_DIR; };
		0B8706E41AD6FB38007774D1 /* Info.plist */ = {isa = PBXFileReference; lastKnownFileType = text.plist.xml; path = Info.plist; sourceTree = "<group>"; };
		0B8706F51AD6FBD8007774D1 /* Behavior.swift */ = {isa = PBXFileReference; fileEncoding = 4; lastKnownFileType = sourcecode.swift; path = Behavior.swift; sourceTree = "<group>"; };
		0BABF2D81C6606B0001B0E84 /* TextFieldResponderBehavior.swift */ = {isa = PBXFileReference; fileEncoding = 4; lastKnownFileType = sourcecode.swift; path = TextFieldResponderBehavior.swift; sourceTree = "<group>"; };
		0BABF2D91C6606B0001B0E84 /* ViewPositionKeyboardBehavior.swift */ = {isa = PBXFileReference; fileEncoding = 4; lastKnownFileType = sourcecode.swift; path = ViewPositionKeyboardBehavior.swift; sourceTree = "<group>"; };
		0BAEB4561AFE0C2C00878322 /* BehaviorsExample.app */ = {isa = PBXFileReference; explicitFileType = wrapper.application; includeInIndex = 0; path = BehaviorsExample.app; sourceTree = BUILT_PRODUCTS_DIR; };
		0BAEB4591AFE0C2C00878322 /* Info.plist */ = {isa = PBXFileReference; lastKnownFileType = text.plist.xml; path = Info.plist; sourceTree = "<group>"; };
		0BAEB45A1AFE0C2C00878322 /* AppDelegate.swift */ = {isa = PBXFileReference; lastKnownFileType = sourcecode.swift; path = AppDelegate.swift; sourceTree = "<group>"; };
		0BAEB4611AFE0C2C00878322 /* Base */ = {isa = PBXFileReference; lastKnownFileType = file.storyboard; name = Base; path = Base.lproj/Main.storyboard; sourceTree = "<group>"; };
		0BAEB4631AFE0C2C00878322 /* Images.xcassets */ = {isa = PBXFileReference; lastKnownFileType = folder.assetcatalog; path = Images.xcassets; sourceTree = "<group>"; };
		0BAEB4661AFE0C2C00878322 /* Base */ = {isa = PBXFileReference; lastKnownFileType = file.xib; name = Base; path = Base.lproj/LaunchScreen.xib; sourceTree = "<group>"; };
		0BD79C1D1C6A54CC002B9B1B /* NavigationHideScrollBehavior.swift */ = {isa = PBXFileReference; fileEncoding = 4; lastKnownFileType = sourcecode.swift; path = NavigationHideScrollBehavior.swift; sourceTree = "<group>"; };
		0BF21E041AF8D22E00E3DF4F /* README.md */ = {isa = PBXFileReference; lastKnownFileType = net.daringfireball.markdown; name = README.md; path = ../README.md; sourceTree = "<group>"; };
		0BF21E051AF8D26A00E3DF4F /* TextFieldScrollBehavior.swift */ = {isa = PBXFileReference; fileEncoding = 4; lastKnownFileType = sourcecode.swift; path = TextFieldScrollBehavior.swift; sourceTree = "<group>"; };
		0BF21E091AF8D28D00E3DF4F /* BehaviorsTests.swift */ = {isa = PBXFileReference; fileEncoding = 4; lastKnownFileType = sourcecode.swift; path = BehaviorsTests.swift; sourceTree = "<group>"; };
		0BF21E0C1AF8D2A900E3DF4F /* TextFieldScrollBehaviorTest.swift */ = {isa = PBXFileReference; fileEncoding = 4; lastKnownFileType = sourcecode.swift; path = TextFieldScrollBehaviorTest.swift; sourceTree = "<group>"; };
		7826DF171CD38E7100B3CDA0 /* TextFieldValidatorBehavior.swift */ = {isa = PBXFileReference; fileEncoding = 4; lastKnownFileType = sourcecode.swift; path = TextFieldValidatorBehavior.swift; sourceTree = "<group>"; };
		7826DF1B1CD3933C00B3CDA0 /* KeyboardTriggerBehaviorTest.swift */ = {isa = PBXFileReference; fileEncoding = 4; lastKnownFileType = sourcecode.swift; path = KeyboardTriggerBehaviorTest.swift; sourceTree = "<group>"; };
		7826DF1E1CD394D500B3CDA0 /* MockNotificationCenter.swift */ = {isa = PBXFileReference; fileEncoding = 4; lastKnownFileType = sourcecode.swift; path = MockNotificationCenter.swift; sourceTree = "<group>"; };
		7826DF211CD39A5000B3CDA0 /* XCTestExtensions.swift */ = {isa = PBXFileReference; fileEncoding = 4; lastKnownFileType = sourcecode.swift; path = XCTestExtensions.swift; sourceTree = "<group>"; };
/* End PBXFileReference section */

/* Begin PBXFrameworksBuildPhase section */
		0B8706CF1AD6FB38007774D1 /* Frameworks */ = {
			isa = PBXFrameworksBuildPhase;
			buildActionMask = 2147483647;
			files = (
			);
			runOnlyForDeploymentPostprocessing = 0;
		};
		0B8706DB1AD6FB38007774D1 /* Frameworks */ = {
			isa = PBXFrameworksBuildPhase;
			buildActionMask = 2147483647;
			files = (
				0B8706DF1AD6FB38007774D1 /* Behaviors.framework in Frameworks */,
			);
			runOnlyForDeploymentPostprocessing = 0;
		};
		0BAEB4531AFE0C2C00878322 /* Frameworks */ = {
			isa = PBXFrameworksBuildPhase;
			buildActionMask = 2147483647;
			files = (
				0BAEB47C1AFE0CF000878322 /* Behaviors.framework in Frameworks */,
			);
			runOnlyForDeploymentPostprocessing = 0;
		};
/* End PBXFrameworksBuildPhase section */

/* Begin PBXGroup section */
		0B2F6E8A1AD9189500D74516 /* Animations */ = {
			isa = PBXGroup;
			children = (
				0BD79C1D1C6A54CC002B9B1B /* NavigationHideScrollBehavior.swift */,
			);
			path = Animations;
			sourceTree = "<group>";
		};
		0B8706C91AD6FB38007774D1 = {
			isa = PBXGroup;
			children = (
				0B8706D51AD6FB38007774D1 /* Behaviors */,
				0B8706E21AD6FB38007774D1 /* BehaviorsTests */,
				0BAEB4571AFE0C2C00878322 /* BehaviorsExample */,
				0B8706D41AD6FB38007774D1 /* Products */,
				0BF21E041AF8D22E00E3DF4F /* README.md */,
			);
			sourceTree = "<group>";
		};
		0B8706D41AD6FB38007774D1 /* Products */ = {
			isa = PBXGroup;
			children = (
				0B8706D31AD6FB38007774D1 /* Behaviors.framework */,
				0B8706DE1AD6FB38007774D1 /* BehaviorsTests.xctest */,
				0BAEB4561AFE0C2C00878322 /* BehaviorsExample.app */,
			);
			name = Products;
			sourceTree = "<group>";
		};
		0B8706D51AD6FB38007774D1 /* Behaviors */ = {
			isa = PBXGroup;
			children = (
				0B8706EF1AD6FB99007774D1 /* Core */,
				0B2F6E8A1AD9189500D74516 /* Animations */,
				0B8706F11AD6FB99007774D1 /* Forms */,
				0BABF2D71C66067D001B0E84 /* Triggers */,
				0B8706F21AD6FB99007774D1 /* Others */,
				0B8706D61AD6FB38007774D1 /* Supporting Files */,
			);
			path = Behaviors;
			sourceTree = "<group>";
		};
		0B8706D61AD6FB38007774D1 /* Supporting Files */ = {
			isa = PBXGroup;
			children = (
				0B8706D81AD6FB38007774D1 /* Behaviors.h */,
				0B8706D71AD6FB38007774D1 /* Info.plist */,
			);
			name = "Supporting Files";
			sourceTree = "<group>";
		};
		0B8706E21AD6FB38007774D1 /* BehaviorsTests */ = {
			isa = PBXGroup;
			children = (
				0BF21E081AF8D28D00E3DF4F /* Core */,
				7826DF1A1CD3932900B3CDA0 /* Triggers */,
				0BF21E0A1AF8D28D00E3DF4F /* Forms */,
				0B8706E31AD6FB38007774D1 /* Supporting Files */,
			);
			path = BehaviorsTests;
			sourceTree = "<group>";
		};
		0B8706E31AD6FB38007774D1 /* Supporting Files */ = {
			isa = PBXGroup;
			children = (
				0B8706E41AD6FB38007774D1 /* Info.plist */,
				7826DF1E1CD394D500B3CDA0 /* MockNotificationCenter.swift */,
				7826DF211CD39A5000B3CDA0 /* XCTestExtensions.swift */,
			);
			name = "Supporting Files";
			sourceTree = "<group>";
		};
		0B8706EF1AD6FB99007774D1 /* Core */ = {
			isa = PBXGroup;
			children = (
				0B8706F51AD6FBD8007774D1 /* Behavior.swift */,
			);
			path = Core;
			sourceTree = "<group>";
		};
		0B8706F11AD6FB99007774D1 /* Forms */ = {
			isa = PBXGroup;
			children = (
				0BABF2D81C6606B0001B0E84 /* TextFieldResponderBehavior.swift */,
				0BABF2D91C6606B0001B0E84 /* ViewPositionKeyboardBehavior.swift */,
				0BF21E051AF8D26A00E3DF4F /* TextFieldScrollBehavior.swift */,
				7826DF171CD38E7100B3CDA0 /* TextFieldValidatorBehavior.swift */,
			);
			path = Forms;
			sourceTree = "<group>";
		};
		0B8706F21AD6FB99007774D1 /* Others */ = {
			isa = PBXGroup;
			children = (
			);
			path = Others;
			sourceTree = "<group>";
		};
		0BABF2D71C66067D001B0E84 /* Triggers */ = {
			isa = PBXGroup;
			children = (
				0B1B22D61C836F0600787FAC /* ScrollingTriggerBehavior.swift */,
				0B1B22D91C8373C800787FAC /* KeyboardTriggerBehavior.swift */,
			);
			path = Triggers;
			sourceTree = "<group>";
		};
		0BAEB4571AFE0C2C00878322 /* BehaviorsExample */ = {
			isa = PBXGroup;
			children = (
				0BAEB4811AFE138000878322 /* ViewControllers */,
				0BAEB45A1AFE0C2C00878322 /* AppDelegate.swift */,
				0BAEB4601AFE0C2C00878322 /* Main.storyboard */,
				0BAEB4631AFE0C2C00878322 /* Images.xcassets */,
				0BAEB4651AFE0C2C00878322 /* LaunchScreen.xib */,
				0BAEB4581AFE0C2C00878322 /* Supporting Files */,
			);
			path = BehaviorsExample;
			sourceTree = "<group>";
		};
		0BAEB4581AFE0C2C00878322 /* Supporting Files */ = {
			isa = PBXGroup;
			children = (
				0BAEB4591AFE0C2C00878322 /* Info.plist */,
			);
			name = "Supporting Files";
			sourceTree = "<group>";
		};
		0BAEB4811AFE138000878322 /* ViewControllers */ = {
			isa = PBXGroup;
			children = (
			);
			path = ViewControllers;
			sourceTree = "<group>";
		};
		0BF21E081AF8D28D00E3DF4F /* Core */ = {
			isa = PBXGroup;
			children = (
				0BF21E091AF8D28D00E3DF4F /* BehaviorsTests.swift */,
			);
			path = Core;
			sourceTree = "<group>";
		};
		0BF21E0A1AF8D28D00E3DF4F /* Forms */ = {
			isa = PBXGroup;
			children = (
				0BF21E0C1AF8D2A900E3DF4F /* TextFieldScrollBehaviorTest.swift */,
			);
			path = Forms;
			sourceTree = "<group>";
		};
		7826DF1A1CD3932900B3CDA0 /* Triggers */ = {
			isa = PBXGroup;
			children = (
				7826DF1B1CD3933C00B3CDA0 /* KeyboardTriggerBehaviorTest.swift */,
			);
			path = Triggers;
			sourceTree = "<group>";
		};
/* End PBXGroup section */

/* Begin PBXHeadersBuildPhase section */
		0B8706D01AD6FB38007774D1 /* Headers */ = {
			isa = PBXHeadersBuildPhase;
			buildActionMask = 2147483647;
			files = (
				0B8706D91AD6FB38007774D1 /* Behaviors.h in Headers */,
			);
			runOnlyForDeploymentPostprocessing = 0;
		};
/* End PBXHeadersBuildPhase section */

/* Begin PBXNativeTarget section */
		0B8706D21AD6FB38007774D1 /* Behaviors */ = {
			isa = PBXNativeTarget;
			buildConfigurationList = 0B8706E91AD6FB38007774D1 /* Build configuration list for PBXNativeTarget "Behaviors" */;
			buildPhases = (
				0B8706CE1AD6FB38007774D1 /* Sources */,
				0B8706CF1AD6FB38007774D1 /* Frameworks */,
				0B8706D01AD6FB38007774D1 /* Headers */,
				0B8706D11AD6FB38007774D1 /* Resources */,
			);
			buildRules = (
			);
			dependencies = (
			);
			name = Behaviors;
			productName = Behaviors;
			productReference = 0B8706D31AD6FB38007774D1 /* Behaviors.framework */;
			productType = "com.apple.product-type.framework";
		};
		0B8706DD1AD6FB38007774D1 /* BehaviorsTests */ = {
			isa = PBXNativeTarget;
			buildConfigurationList = 0B8706EC1AD6FB38007774D1 /* Build configuration list for PBXNativeTarget "BehaviorsTests" */;
			buildPhases = (
				0B8706DA1AD6FB38007774D1 /* Sources */,
				0B8706DB1AD6FB38007774D1 /* Frameworks */,
				0B8706DC1AD6FB38007774D1 /* Resources */,
			);
			buildRules = (
			);
			dependencies = (
				0B8706E11AD6FB38007774D1 /* PBXTargetDependency */,
			);
			name = BehaviorsTests;
			productName = BehaviorsTests;
			productReference = 0B8706DE1AD6FB38007774D1 /* BehaviorsTests.xctest */;
			productType = "com.apple.product-type.bundle.unit-test";
		};
		0BAEB4551AFE0C2C00878322 /* BehaviorsExample */ = {
			isa = PBXNativeTarget;
			buildConfigurationList = 0BAEB4781AFE0C2C00878322 /* Build configuration list for PBXNativeTarget "BehaviorsExample" */;
			buildPhases = (
				0BAEB4521AFE0C2C00878322 /* Sources */,
				0BAEB4531AFE0C2C00878322 /* Frameworks */,
				0BAEB4541AFE0C2C00878322 /* Resources */,
			);
			buildRules = (
			);
			dependencies = (
				0BAEB47B1AFE0CE500878322 /* PBXTargetDependency */,
			);
			name = BehaviorsExample;
			productName = BehaviorsExample;
			productReference = 0BAEB4561AFE0C2C00878322 /* BehaviorsExample.app */;
			productType = "com.apple.product-type.application";
		};
/* End PBXNativeTarget section */

/* Begin PBXProject section */
		0B8706CA1AD6FB38007774D1 /* Project object */ = {
			isa = PBXProject;
			attributes = {
				LastSwiftMigration = 0700;
				LastSwiftUpdateCheck = 0700;
				LastUpgradeCheck = 0630;
				ORGANIZATIONNAME = angelolloqui.com;
				TargetAttributes = {
					0B8706D21AD6FB38007774D1 = {
						CreatedOnToolsVersion = 6.3;
						LastSwiftMigration = 0820;
					};
					0B8706DD1AD6FB38007774D1 = {
						CreatedOnToolsVersion = 6.3;
					};
					0BAEB4551AFE0C2C00878322 = {
						CreatedOnToolsVersion = 6.3.1;
						LastSwiftMigration = 0820;
					};
				};
			};
			buildConfigurationList = 0B8706CD1AD6FB38007774D1 /* Build configuration list for PBXProject "Behaviors" */;
			compatibilityVersion = "Xcode 3.2";
			developmentRegion = English;
			hasScannedForEncodings = 0;
			knownRegions = (
				en,
				Base,
			);
			mainGroup = 0B8706C91AD6FB38007774D1;
			productRefGroup = 0B8706D41AD6FB38007774D1 /* Products */;
			projectDirPath = "";
			projectRoot = "";
			targets = (
				0B8706D21AD6FB38007774D1 /* Behaviors */,
				0B8706DD1AD6FB38007774D1 /* BehaviorsTests */,
				0BAEB4551AFE0C2C00878322 /* BehaviorsExample */,
			);
		};
/* End PBXProject section */

/* Begin PBXResourcesBuildPhase section */
		0B8706D11AD6FB38007774D1 /* Resources */ = {
			isa = PBXResourcesBuildPhase;
			buildActionMask = 2147483647;
			files = (
			);
			runOnlyForDeploymentPostprocessing = 0;
		};
		0B8706DC1AD6FB38007774D1 /* Resources */ = {
			isa = PBXResourcesBuildPhase;
			buildActionMask = 2147483647;
			files = (
			);
			runOnlyForDeploymentPostprocessing = 0;
		};
		0BAEB4541AFE0C2C00878322 /* Resources */ = {
			isa = PBXResourcesBuildPhase;
			buildActionMask = 2147483647;
			files = (
				0BAEB4621AFE0C2C00878322 /* Main.storyboard in Resources */,
				0BAEB4671AFE0C2C00878322 /* LaunchScreen.xib in Resources */,
				0BAEB4641AFE0C2C00878322 /* Images.xcassets in Resources */,
			);
			runOnlyForDeploymentPostprocessing = 0;
		};
/* End PBXResourcesBuildPhase section */

/* Begin PBXSourcesBuildPhase section */
		0B8706CE1AD6FB38007774D1 /* Sources */ = {
			isa = PBXSourcesBuildPhase;
			buildActionMask = 2147483647;
			files = (
				0B1B22DA1C8373C800787FAC /* KeyboardTriggerBehavior.swift in Sources */,
				7826DF1F1CD394D500B3CDA0 /* MockNotificationCenter.swift in Sources */,
				0B1B22D71C836F0600787FAC /* ScrollingTriggerBehavior.swift in Sources */,
				0B8706F61AD6FBD8007774D1 /* Behavior.swift in Sources */,
				0BABF2DA1C6606B0001B0E84 /* TextFieldResponderBehavior.swift in Sources */,
				7826DF181CD38E7100B3CDA0 /* TextFieldValidatorBehavior.swift in Sources */,
				0BD79C1E1C6A54CC002B9B1B /* NavigationHideScrollBehavior.swift in Sources */,
				0BABF2DD1C6606B0001B0E84 /* ViewPositionKeyboardBehavior.swift in Sources */,
				0BF21E061AF8D26A00E3DF4F /* TextFieldScrollBehavior.swift in Sources */,
			);
			runOnlyForDeploymentPostprocessing = 0;
		};
		0B8706DA1AD6FB38007774D1 /* Sources */ = {
			isa = PBXSourcesBuildPhase;
			buildActionMask = 2147483647;
			files = (
				0BABF2DB1C6606B0001B0E84 /* TextFieldResponderBehavior.swift in Sources */,
				7826DF201CD394D500B3CDA0 /* MockNotificationCenter.swift in Sources */,
				7826DF231CD39A5000B3CDA0 /* XCTestExtensions.swift in Sources */,
				0B1B22DE1C83767000787FAC /* NavigationHideScrollBehavior.swift in Sources */,
				7826DF191CD38E7100B3CDA0 /* TextFieldValidatorBehavior.swift in Sources */,
				0BF21E071AF8D26A00E3DF4F /* TextFieldScrollBehavior.swift in Sources */,
				7826DF1D1CD3933C00B3CDA0 /* KeyboardTriggerBehaviorTest.swift in Sources */,
				0BF21E0B1AF8D28D00E3DF4F /* BehaviorsTests.swift in Sources */,
				0BF21E0D1AF8D2A900E3DF4F /* TextFieldScrollBehaviorTest.swift in Sources */,
				0BABF2DE1C6606B0001B0E84 /* ViewPositionKeyboardBehavior.swift in Sources */,
				0B1B22DB1C8373C800787FAC /* KeyboardTriggerBehavior.swift in Sources */,
				0B8706F71AD6FBD8007774D1 /* Behavior.swift in Sources */,
				0B1B22D81C836F0600787FAC /* ScrollingTriggerBehavior.swift in Sources */,
			);
			runOnlyForDeploymentPostprocessing = 0;
		};
		0BAEB4521AFE0C2C00878322 /* Sources */ = {
			isa = PBXSourcesBuildPhase;
			buildActionMask = 2147483647;
			files = (
				0BAEB47E1AFE131D00878322 /* TextFieldScrollBehavior.swift in Sources */,
				0B1B22DC1C83766200787FAC /* KeyboardTriggerBehavior.swift in Sources */,
				0BAEB47D1AFE131D00878322 /* Behavior.swift in Sources */,
				0BAEB45B1AFE0C2C00878322 /* AppDelegate.swift in Sources */,
				0BABF2DF1C6606B0001B0E84 /* ViewPositionKeyboardBehavior.swift in Sources */,
				0BABF2DC1C6606B0001B0E84 /* TextFieldResponderBehavior.swift in Sources */,
				0B1B22DF1C83767000787FAC /* NavigationHideScrollBehavior.swift in Sources */,
				0B1B22DD1C83766600787FAC /* ScrollingTriggerBehavior.swift in Sources */,
			);
			runOnlyForDeploymentPostprocessing = 0;
		};
/* End PBXSourcesBuildPhase section */

/* Begin PBXTargetDependency section */
		0B8706E11AD6FB38007774D1 /* PBXTargetDependency */ = {
			isa = PBXTargetDependency;
			target = 0B8706D21AD6FB38007774D1 /* Behaviors */;
			targetProxy = 0B8706E01AD6FB38007774D1 /* PBXContainerItemProxy */;
		};
		0BAEB47B1AFE0CE500878322 /* PBXTargetDependency */ = {
			isa = PBXTargetDependency;
			target = 0B8706D21AD6FB38007774D1 /* Behaviors */;
			targetProxy = 0BAEB47A1AFE0CE500878322 /* PBXContainerItemProxy */;
		};
/* End PBXTargetDependency section */

/* Begin PBXVariantGroup section */
		0BAEB4601AFE0C2C00878322 /* Main.storyboard */ = {
			isa = PBXVariantGroup;
			children = (
				0BAEB4611AFE0C2C00878322 /* Base */,
			);
			name = Main.storyboard;
			sourceTree = "<group>";
		};
		0BAEB4651AFE0C2C00878322 /* LaunchScreen.xib */ = {
			isa = PBXVariantGroup;
			children = (
				0BAEB4661AFE0C2C00878322 /* Base */,
			);
			name = LaunchScreen.xib;
			sourceTree = "<group>";
		};
/* End PBXVariantGroup section */

/* Begin XCBuildConfiguration section */
		0B8706E71AD6FB38007774D1 /* Debug */ = {
			isa = XCBuildConfiguration;
			buildSettings = {
				ALWAYS_SEARCH_USER_PATHS = NO;
				CLANG_CXX_LANGUAGE_STANDARD = "gnu++0x";
				CLANG_CXX_LIBRARY = "libc++";
				CLANG_ENABLE_MODULES = YES;
				CLANG_ENABLE_OBJC_ARC = YES;
				CLANG_WARN_BOOL_CONVERSION = YES;
				CLANG_WARN_CONSTANT_CONVERSION = YES;
				CLANG_WARN_DIRECT_OBJC_ISA_USAGE = YES_ERROR;
				CLANG_WARN_EMPTY_BODY = YES;
				CLANG_WARN_ENUM_CONVERSION = YES;
				CLANG_WARN_INT_CONVERSION = YES;
				CLANG_WARN_OBJC_ROOT_CLASS = YES_ERROR;
				CLANG_WARN_UNREACHABLE_CODE = YES;
				CLANG_WARN__DUPLICATE_METHOD_MATCH = YES;
				"CODE_SIGN_IDENTITY[sdk=iphoneos*]" = "iPhone Developer";
				COPY_PHASE_STRIP = NO;
				CURRENT_PROJECT_VERSION = 1;
				DEBUG_INFORMATION_FORMAT = "dwarf-with-dsym";
				ENABLE_STRICT_OBJC_MSGSEND = YES;
				GCC_C_LANGUAGE_STANDARD = gnu99;
				GCC_DYNAMIC_NO_PIC = NO;
				GCC_NO_COMMON_BLOCKS = YES;
				GCC_OPTIMIZATION_LEVEL = 0;
				GCC_PREPROCESSOR_DEFINITIONS = (
					"DEBUG=1",
					"$(inherited)",
				);
				GCC_SYMBOLS_PRIVATE_EXTERN = NO;
				GCC_WARN_64_TO_32_BIT_CONVERSION = YES;
				GCC_WARN_ABOUT_RETURN_TYPE = YES_ERROR;
				GCC_WARN_UNDECLARED_SELECTOR = YES;
				GCC_WARN_UNINITIALIZED_AUTOS = YES_AGGRESSIVE;
				GCC_WARN_UNUSED_FUNCTION = YES;
				GCC_WARN_UNUSED_VARIABLE = YES;
				IPHONEOS_DEPLOYMENT_TARGET = 8.3;
				MTL_ENABLE_DEBUG_INFO = YES;
				ONLY_ACTIVE_ARCH = YES;
				SDKROOT = iphoneos;
				SWIFT_OPTIMIZATION_LEVEL = "-Onone";
				TARGETED_DEVICE_FAMILY = "1,2";
				VERSIONING_SYSTEM = "apple-generic";
				VERSION_INFO_PREFIX = "";
			};
			name = Debug;
		};
		0B8706E81AD6FB38007774D1 /* Release */ = {
			isa = XCBuildConfiguration;
			buildSettings = {
				ALWAYS_SEARCH_USER_PATHS = NO;
				CLANG_CXX_LANGUAGE_STANDARD = "gnu++0x";
				CLANG_CXX_LIBRARY = "libc++";
				CLANG_ENABLE_MODULES = YES;
				CLANG_ENABLE_OBJC_ARC = YES;
				CLANG_WARN_BOOL_CONVERSION = YES;
				CLANG_WARN_CONSTANT_CONVERSION = YES;
				CLANG_WARN_DIRECT_OBJC_ISA_USAGE = YES_ERROR;
				CLANG_WARN_EMPTY_BODY = YES;
				CLANG_WARN_ENUM_CONVERSION = YES;
				CLANG_WARN_INT_CONVERSION = YES;
				CLANG_WARN_OBJC_ROOT_CLASS = YES_ERROR;
				CLANG_WARN_UNREACHABLE_CODE = YES;
				CLANG_WARN__DUPLICATE_METHOD_MATCH = YES;
				"CODE_SIGN_IDENTITY[sdk=iphoneos*]" = "iPhone Developer";
				COPY_PHASE_STRIP = NO;
				CURRENT_PROJECT_VERSION = 1;
				DEBUG_INFORMATION_FORMAT = "dwarf-with-dsym";
				ENABLE_NS_ASSERTIONS = NO;
				ENABLE_STRICT_OBJC_MSGSEND = YES;
				GCC_C_LANGUAGE_STANDARD = gnu99;
				GCC_NO_COMMON_BLOCKS = YES;
				GCC_WARN_64_TO_32_BIT_CONVERSION = YES;
				GCC_WARN_ABOUT_RETURN_TYPE = YES_ERROR;
				GCC_WARN_UNDECLARED_SELECTOR = YES;
				GCC_WARN_UNINITIALIZED_AUTOS = YES_AGGRESSIVE;
				GCC_WARN_UNUSED_FUNCTION = YES;
				GCC_WARN_UNUSED_VARIABLE = YES;
				IPHONEOS_DEPLOYMENT_TARGET = 8.3;
				MTL_ENABLE_DEBUG_INFO = NO;
				SDKROOT = iphoneos;
				TARGETED_DEVICE_FAMILY = "1,2";
				VALIDATE_PRODUCT = YES;
				VERSIONING_SYSTEM = "apple-generic";
				VERSION_INFO_PREFIX = "";
			};
			name = Release;
		};
		0B8706EA1AD6FB38007774D1 /* Debug */ = {
			isa = XCBuildConfiguration;
			buildSettings = {
				CLANG_ENABLE_MODULES = YES;
				DEFINES_MODULE = YES;
				DYLIB_COMPATIBILITY_VERSION = 1;
				DYLIB_CURRENT_VERSION = 1;
				DYLIB_INSTALL_NAME_BASE = "@rpath";
				INFOPLIST_FILE = Behaviors/Info.plist;
				INSTALL_PATH = "$(LOCAL_LIBRARY_DIR)/Frameworks";
				LD_RUNPATH_SEARCH_PATHS = "$(inherited) @executable_path/Frameworks @loader_path/Frameworks";
				PRODUCT_NAME = "$(TARGET_NAME)";
				SKIP_INSTALL = YES;
				SWIFT_OPTIMIZATION_LEVEL = "-Onone";
				SWIFT_VERSION = 3.0;
			};
			name = Debug;
		};
		0B8706EB1AD6FB38007774D1 /* Release */ = {
			isa = XCBuildConfiguration;
			buildSettings = {
				CLANG_ENABLE_MODULES = YES;
				DEFINES_MODULE = YES;
				DYLIB_COMPATIBILITY_VERSION = 1;
				DYLIB_CURRENT_VERSION = 1;
				DYLIB_INSTALL_NAME_BASE = "@rpath";
				INFOPLIST_FILE = Behaviors/Info.plist;
				INSTALL_PATH = "$(LOCAL_LIBRARY_DIR)/Frameworks";
				LD_RUNPATH_SEARCH_PATHS = "$(inherited) @executable_path/Frameworks @loader_path/Frameworks";
				PRODUCT_NAME = "$(TARGET_NAME)";
				SKIP_INSTALL = YES;
				SWIFT_VERSION = 3.0;
			};
			name = Release;
		};
		0B8706ED1AD6FB38007774D1 /* Debug */ = {
			isa = XCBuildConfiguration;
			buildSettings = {
				FRAMEWORK_SEARCH_PATHS = (
					"$(SDKROOT)/Developer/Library/Frameworks",
					"$(inherited)",
				);
				GCC_PREPROCESSOR_DEFINITIONS = (
					"DEBUG=1",
					"$(inherited)",
				);
				INFOPLIST_FILE = BehaviorsTests/Info.plist;
				LD_RUNPATH_SEARCH_PATHS = "$(inherited) @executable_path/Frameworks @loader_path/Frameworks";
				LIBRARY_SEARCH_PATHS = (
					"$(inherited)",
					"$(PROJECT_DIR)/BehaviorsTests/External/ocmock-3.1.2",
				);
				PRODUCT_NAME = "$(TARGET_NAME)";
			};
			name = Debug;
		};
		0B8706EE1AD6FB38007774D1 /* Release */ = {
			isa = XCBuildConfiguration;
			buildSettings = {
				FRAMEWORK_SEARCH_PATHS = (
					"$(SDKROOT)/Developer/Library/Frameworks",
					"$(inherited)",
				);
				INFOPLIST_FILE = BehaviorsTests/Info.plist;
				LD_RUNPATH_SEARCH_PATHS = "$(inherited) @executable_path/Frameworks @loader_path/Frameworks";
				LIBRARY_SEARCH_PATHS = (
					"$(inherited)",
					"$(PROJECT_DIR)/BehaviorsTests/External/ocmock-3.1.2",
				);
				PRODUCT_NAME = "$(TARGET_NAME)";
			};
			name = Release;
		};
		0BAEB4741AFE0C2C00878322 /* Debug */ = {
			isa = XCBuildConfiguration;
			buildSettings = {
				ASSETCATALOG_COMPILER_APPICON_NAME = AppIcon;
				GCC_PREPROCESSOR_DEFINITIONS = (
					"DEBUG=1",
					"$(inherited)",
				);
				INFOPLIST_FILE = BehaviorsExample/Info.plist;
				LD_RUNPATH_SEARCH_PATHS = "$(inherited) @executable_path/Frameworks";
				PRODUCT_NAME = "$(TARGET_NAME)";
				SWIFT_VERSION = 3.0;
			};
			name = Debug;
		};
		0BAEB4751AFE0C2C00878322 /* Release */ = {
			isa = XCBuildConfiguration;
			buildSettings = {
				ASSETCATALOG_COMPILER_APPICON_NAME = AppIcon;
				INFOPLIST_FILE = BehaviorsExample/Info.plist;
				LD_RUNPATH_SEARCH_PATHS = "$(inherited) @executable_path/Frameworks";
				PRODUCT_NAME = "$(TARGET_NAME)";
				SWIFT_VERSION = 3.0;
			};
			name = Release;
		};
/* End XCBuildConfiguration section */

/* Begin XCConfigurationList section */
		0B8706CD1AD6FB38007774D1 /* Build configuration list for PBXProject "Behaviors" */ = {
			isa = XCConfigurationList;
			buildConfigurations = (
				0B8706E71AD6FB38007774D1 /* Debug */,
				0B8706E81AD6FB38007774D1 /* Release */,
			);
			defaultConfigurationIsVisible = 0;
			defaultConfigurationName = Release;
		};
		0B8706E91AD6FB38007774D1 /* Build configuration list for PBXNativeTarget "Behaviors" */ = {
			isa = XCConfigurationList;
			buildConfigurations = (
				0B8706EA1AD6FB38007774D1 /* Debug */,
				0B8706EB1AD6FB38007774D1 /* Release */,
			);
			defaultConfigurationIsVisible = 0;
			defaultConfigurationName = Release;
		};
		0B8706EC1AD6FB38007774D1 /* Build configuration list for PBXNativeTarget "BehaviorsTests" */ = {
			isa = XCConfigurationList;
			buildConfigurations = (
				0B8706ED1AD6FB38007774D1 /* Debug */,
				0B8706EE1AD6FB38007774D1 /* Release */,
			);
			defaultConfigurationIsVisible = 0;
			defaultConfigurationName = Release;
		};
		0BAEB4781AFE0C2C00878322 /* Build configuration list for PBXNativeTarget "BehaviorsExample" */ = {
			isa = XCConfigurationList;
			buildConfigurations = (
				0BAEB4741AFE0C2C00878322 /* Debug */,
				0BAEB4751AFE0C2C00878322 /* Release */,
			);
			defaultConfigurationIsVisible = 0;
			defaultConfigurationName = Release;
		};
/* End XCConfigurationList section */
	};
	rootObject = 0B8706CA1AD6FB38007774D1 /* Project object */;
}
